
Microsoft Visual Studio Solution File, Format Version 12.00
# Visual Studio Version 17
VisualStudioVersion = 17.14.36511.14 d17.14
MinimumVisualStudioVersion = 10.0.40219.1
Project("{2150E333-8FDC-42A3-9474-1A3956D46DE8}") = "Task0", "Task0", "{02EA681E-C7D8-13C7-8484-4AC65E1B71E8}"
EndProject
Project("{FAE04EC0-301F-11D3-BF4B-00C04F79EFBC}") = "Tyuiu.OzdoevaLM.Sprint5.Task0.V21", "Tyuiu.OzdoevaLM.Sprint5.Task0.V21\Tyuiu.OzdoevaLM.Sprint5.Task0.V21.csproj", "{EA420365-3DBE-4AE1-B1BD-F0BBB66EE220}"
EndProject
Project("{FAE04EC0-301F-11D3-BF4B-00C04F79EFBC}") = "Tyuiu.OzdoevaLM.Sprint5.Task0.V21.Lib", "Tyuiu.OzdoevaLM.Sprint5.Task0.V21.Lib\Tyuiu.OzdoevaLM.Sprint5.Task0.V21.Lib.csproj", "{901C73DE-F9C2-4D19-A478-7BF64C70B6D1}"
EndProject
Project("{FAE04EC0-301F-11D3-BF4B-00C04F79EFBC}") = "Tyuiu.OzdoevaLM.Sprint5.Task0.V21.Test", "Tyuiu.OzdoevaLM.Sprint5.Task0.V21.Test\Tyuiu.OzdoevaLM.Sprint5.Task0.V21.Test.csproj", "{2CB55EBC-C682-47AD-B610-12B708FC1B87}"
EndProject
Global
	GlobalSection(SolutionConfigurationPlatforms) = preSolution
		Debug|Any CPU = Debug|Any CPU
		Release|Any CPU = Release|Any CPU
	EndGlobalSection
	GlobalSection(ProjectConfigurationPlatforms) = postSolution
		{EA420365-3DBE-4AE1-B1BD-F0BBB66EE220}.Debug|Any CPU.ActiveCfg = Debug|Any CPU
		{EA420365-3DBE-4AE1-B1BD-F0BBB66EE220}.Debug|Any CPU.Build.0 = Debug|Any CPU
		{EA420365-3DBE-4AE1-B1BD-F0BBB66EE220}.Release|Any CPU.ActiveCfg = Release|Any CPU
		{EA420365-3DBE-4AE1-B1BD-F0BBB66EE220}.Release|Any CPU.Build.0 = Release|Any CPU
		{901C73DE-F9C2-4D19-A478-7BF64C70B6D1}.Debug|Any CPU.ActiveCfg = Debug|Any CPU
		{901C73DE-F9C2-4D19-A478-7BF64C70B6D1}.Debug|Any CPU.Build.0 = Debug|Any CPU
		{901C73DE-F9C2-4D19-A478-7BF64C70B6D1}.Release|Any CPU.ActiveCfg = Release|Any CPU
		{901C73DE-F9C2-4D19-A478-7BF64C70B6D1}.Release|Any CPU.Build.0 = Release|Any CPU
		{2CB55EBC-C682-47AD-B610-12B708FC1B87}.Debug|Any CPU.ActiveCfg = Debug|Any CPU
		{2CB55EBC-C682-47AD-B610-12B708FC1B87}.Debug|Any CPU.Build.0 = Debug|Any CPU
		{2CB55EBC-C682-47AD-B610-12B708FC1B87}.Release|Any CPU.ActiveCfg = Release|Any CPU
		{2CB55EBC-C682-47AD-B610-12B708FC1B87}.Release|Any CPU.Build.0 = Release|Any CPU
	EndGlobalSection
	GlobalSection(SolutionProperties) = preSolution
		HideSolutionNode = FALSE
	EndGlobalSection
	GlobalSection(NestedProjects) = preSolution
		{EA420365-3DBE-4AE1-B1BD-F0BBB66EE220} = {02EA681E-C7D8-13C7-8484-4AC65E1B71E8}
		{901C73DE-F9C2-4D19-A478-7BF64C70B6D1} = {02EA681E-C7D8-13C7-8484-4AC65E1B71E8}
		{2CB55EBC-C682-47AD-B610-12B708FC1B87} = {02EA681E-C7D8-13C7-8484-4AC65E1B71E8}
	EndGlobalSection
	GlobalSection(ExtensibilityGlobals) = postSolution
		SolutionGuid = {0ED92FD9-FF4D-4026-9DE2-C51B06688E43}
	EndGlobalSection
EndGlobal
