
Microsoft Visual Studio Solution File, Format Version 12.00
# Visual Studio Version 17
VisualStudioVersion = 17.14.36511.14
MinimumVisualStudioVersion = 10.0.40219.1
Project("{2150E333-8FDC-42A3-9474-1A3956D46DE8}") = "Task0", "Task0", "{02EA681E-C7D8-13C7-8484-4AC65E1B71E8}"
EndProject
Project("{FAE04EC0-301F-11D3-BF4B-00C04F79EFBC}") = "Tyuiu.OzdoevaLM.Sprint5.Task0.V21", "Tyuiu.OzdoevaLM.Sprint5.Task0.V21\Tyuiu.OzdoevaLM.Sprint5.Task0.V21.csproj", "{EA420365-3DBE-4AE1-B1BD-F0BBB66EE220}"
EndProject
Project("{FAE04EC0-301F-11D3-BF4B-00C04F79EFBC}") = "Tyuiu.OzdoevaLM.Sprint5.Task0.V21.Lib", "Tyuiu.OzdoevaLM.Sprint5.Task0.V21.Lib\Tyuiu.OzdoevaLM.Sprint5.Task0.V21.Lib.csproj", "{901C73DE-F9C2-4D19-A478-7BF64C70B6D1}"
EndProject
Project("{FAE04EC0-301F-11D3-BF4B-00C04F79EFBC}") = "Tyuiu.OzdoevaLM.Sprint5.Task0.V21.Test", "Tyuiu.OzdoevaLM.Sprint5.Task0.V21.Test\Tyuiu.OzdoevaLM.Sprint5.Task0.V21.Test.csproj", "{2CB55EBC-C682-47AD-B610-12B708FC1B87}"
EndProject
Project("{2150E333-8FDC-42A3-9474-1A3956D46DE8}") = "Task1", "Task1", "{A38D0BB9-8742-4BB0-823E-55035A7C8AB8}"
EndProject
Project("{FAE04EC0-301F-11D3-BF4B-00C04F79EFBC}") = "Tyuiu.OzdoevaLM.Sprint5.Task1.V13", "Tyuiu.OzdoevaLM.Sprint5.Task1.V13\Tyuiu.OzdoevaLM.Sprint5.Task1.V13.csproj", "{B8B45B6B-4E18-4E13-83EE-2BFF02AA1AF8}"
EndProject
Project("{FAE04EC0-301F-11D3-BF4B-00C04F79EFBC}") = "Tyuiu.OzdoevaLM.Sprint5.Task1.V13.Lib", "Tyuiu.OzdoevaLM.Sprint5.Task1.V13.Lib\Tyuiu.OzdoevaLM.Sprint5.Task1.V13.Lib.csproj", "{7A6F772B-C8D4-4D02-8CF0-6726BB3E29B9}"
EndProject
Project("{FAE04EC0-301F-11D3-BF4B-00C04F79EFBC}") = "Tyuiu.OzdoevaLM.Sprint5.Task1.V13.Test", "Tyuiu.OzdoevaLM.Sprint5.Task1.V13.Test\Tyuiu.OzdoevaLM.Sprint5.Task1.V13.Test.csproj", "{6520E3AF-3DBA-42D3-928D-F8715097E34C}"
EndProject
Project("{2150E333-8FDC-42A3-9474-1A3956D46DE8}") = "Task2", "Task2", "{66B27162-D023-4F7D-81EF-9B28139FEE12}"
EndProject
Project("{FAE04EC0-301F-11D3-BF4B-00C04F79EFBC}") = "Tyuiu.OzdoevaLM.Sprint5.Task2.V29", "Tyuiu.OzdoevaLM.Sprint5.Task2.V29\Tyuiu.OzdoevaLM.Sprint5.Task2.V29.csproj", "{8D5FA199-F20A-4ED2-8748-9DF89CB719D4}"
EndProject
Project("{FAE04EC0-301F-11D3-BF4B-00C04F79EFBC}") = "Tyuiu.OzdoevaLM.Sprint5.Task2.V29.Lib", "Tyuiu.OzdoevaLM.Sprint5.Task2.V29.Lib\Tyuiu.OzdoevaLM.Sprint5.Task2.V29.Lib.csproj", "{8D012B60-9E8B-46CE-8E10-38598D847E88}"
EndProject
Project("{FAE04EC0-301F-11D3-BF4B-00C04F79EFBC}") = "Tyuiu.OzdoevaLM.Sprint5.Task2.V29.Test", "Tyuiu.OzdoevaLM.Sprint5.Task2.V29.Test\Tyuiu.OzdoevaLM.Sprint5.Task2.V29.Test.csproj", "{2E0D7162-2BA6-423A-87DE-BCEA86CDFB16}"
EndProject
Global
	GlobalSection(SolutionConfigurationPlatforms) = preSolution
		Debug|Any CPU = Debug|Any CPU
		Release|Any CPU = Release|Any CPU
	EndGlobalSection
	GlobalSection(ProjectConfigurationPlatforms) = postSolution
		{EA420365-3DBE-4AE1-B1BD-F0BBB66EE220}.Debug|Any CPU.ActiveCfg = Debug|Any CPU
		{EA420365-3DBE-4AE1-B1BD-F0BBB66EE220}.Debug|Any CPU.Build.0 = Debug|Any CPU
		{EA420365-3DBE-4AE1-B1BD-F0BBB66EE220}.Release|Any CPU.ActiveCfg = Release|Any CPU
		{EA420365-3DBE-4AE1-B1BD-F0BBB66EE220}.Release|Any CPU.Build.0 = Release|Any CPU
		{901C73DE-F9C2-4D19-A478-7BF64C70B6D1}.Debug|Any CPU.ActiveCfg = Debug|Any CPU
		{901C73DE-F9C2-4D19-A478-7BF64C70B6D1}.Debug|Any CPU.Build.0 = Debug|Any CPU
		{901C73DE-F9C2-4D19-A478-7BF64C70B6D1}.Release|Any CPU.ActiveCfg = Release|Any CPU
		{901C73DE-F9C2-4D19-A478-7BF64C70B6D1}.Release|Any CPU.Build.0 = Release|Any CPU
		{2CB55EBC-C682-47AD-B610-12B708FC1B87}.Debug|Any CPU.ActiveCfg = Debug|Any CPU
		{2CB55EBC-C682-47AD-B610-12B708FC1B87}.Debug|Any CPU.Build.0 = Debug|Any CPU
		{2CB55EBC-C682-47AD-B610-12B708FC1B87}.Release|Any CPU.ActiveCfg = Release|Any CPU
		{2CB55EBC-C682-47AD-B610-12B708FC1B87}.Release|Any CPU.Build.0 = Release|Any CPU
		{B8B45B6B-4E18-4E13-83EE-2BFF02AA1AF8}.Debug|Any CPU.ActiveCfg = Debug|Any CPU
		{B8B45B6B-4E18-4E13-83EE-2BFF02AA1AF8}.Debug|Any CPU.Build.0 = Debug|Any CPU
		{B8B45B6B-4E18-4E13-83EE-2BFF02AA1AF8}.Release|Any CPU.ActiveCfg = Release|Any CPU
		{B8B45B6B-4E18-4E13-83EE-2BFF02AA1AF8}.Release|Any CPU.Build.0 = Release|Any CPU
		{7A6F772B-C8D4-4D02-8CF0-6726BB3E29B9}.Debug|Any CPU.ActiveCfg = Debug|Any CPU
		{7A6F772B-C8D4-4D02-8CF0-6726BB3E29B9}.Debug|Any CPU.Build.0 = Debug|Any CPU
		{7A6F772B-C8D4-4D02-8CF0-6726BB3E29B9}.Release|Any CPU.ActiveCfg = Release|Any CPU
		{7A6F772B-C8D4-4D02-8CF0-6726BB3E29B9}.Release|Any CPU.Build.0 = Release|Any CPU
		{6520E3AF-3DBA-42D3-928D-F8715097E34C}.Debug|Any CPU.ActiveCfg = Debug|Any CPU
		{6520E3AF-3DBA-42D3-928D-F8715097E34C}.Debug|Any CPU.Build.0 = Debug|Any CPU
		{6520E3AF-3DBA-42D3-928D-F8715097E34C}.Release|Any CPU.ActiveCfg = Release|Any CPU
		{6520E3AF-3DBA-42D3-928D-F8715097E34C}.Release|Any CPU.Build.0 = Release|Any CPU
		{8D5FA199-F20A-4ED2-8748-9DF89CB719D4}.Debug|Any CPU.ActiveCfg = Debug|Any CPU
		{8D5FA199-F20A-4ED2-8748-9DF89CB719D4}.Debug|Any CPU.Build.0 = Debug|Any CPU
		{8D5FA199-F20A-4ED2-8748-9DF89CB719D4}.Release|Any CPU.ActiveCfg = Release|Any CPU
		{8D5FA199-F20A-4ED2-8748-9DF89CB719D4}.Release|Any CPU.Build.0 = Release|Any CPU
		{8D012B60-9E8B-46CE-8E10-38598D847E88}.Debug|Any CPU.ActiveCfg = Debug|Any CPU
		{8D012B60-9E8B-46CE-8E10-38598D847E88}.Debug|Any CPU.Build.0 = Debug|Any CPU
		{8D012B60-9E8B-46CE-8E10-38598D847E88}.Release|Any CPU.ActiveCfg = Release|Any CPU
		{8D012B60-9E8B-46CE-8E10-38598D847E88}.Release|Any CPU.Build.0 = Release|Any CPU
		{2E0D7162-2BA6-423A-87DE-BCEA86CDFB16}.Debug|Any CPU.ActiveCfg = Debug|Any CPU
		{2E0D7162-2BA6-423A-87DE-BCEA86CDFB16}.Debug|Any CPU.Build.0 = Debug|Any CPU
		{2E0D7162-2BA6-423A-87DE-BCEA86CDFB16}.Release|Any CPU.ActiveCfg = Release|Any CPU
		{2E0D7162-2BA6-423A-87DE-BCEA86CDFB16}.Release|Any CPU.Build.0 = Release|Any CPU
	EndGlobalSection
	GlobalSection(SolutionProperties) = preSolution
		HideSolutionNode = FALSE
	EndGlobalSection
	GlobalSection(NestedProjects) = preSolution
		{EA420365-3DBE-4AE1-B1BD-F0BBB66EE220} = {02EA681E-C7D8-13C7-8484-4AC65E1B71E8}
		{901C73DE-F9C2-4D19-A478-7BF64C70B6D1} = {02EA681E-C7D8-13C7-8484-4AC65E1B71E8}
		{2CB55EBC-C682-47AD-B610-12B708FC1B87} = {02EA681E-C7D8-13C7-8484-4AC65E1B71E8}
		{B8B45B6B-4E18-4E13-83EE-2BFF02AA1AF8} = {A38D0BB9-8742-4BB0-823E-55035A7C8AB8}
		{7A6F772B-C8D4-4D02-8CF0-6726BB3E29B9} = {A38D0BB9-8742-4BB0-823E-55035A7C8AB8}
		{6520E3AF-3DBA-42D3-928D-F8715097E34C} = {A38D0BB9-8742-4BB0-823E-55035A7C8AB8}
		{8D5FA199-F20A-4ED2-8748-9DF89CB719D4} = {66B27162-D023-4F7D-81EF-9B28139FEE12}
		{8D012B60-9E8B-46CE-8E10-38598D847E88} = {66B27162-D023-4F7D-81EF-9B28139FEE12}
		{2E0D7162-2BA6-423A-87DE-BCEA86CDFB16} = {66B27162-D023-4F7D-81EF-9B28139FEE12}
	EndGlobalSection
	GlobalSection(ExtensibilityGlobals) = postSolution
		SolutionGuid = {0ED92FD9-FF4D-4026-9DE2-C51B06688E43}
	EndGlobalSection
EndGlobal
