
Microsoft Visual Studio Solution File, Format Version 12.00
# Visual Studio Version 17
VisualStudioVersion = 17.14.36511.14
MinimumVisualStudioVersion = 10.0.40219.1
Project("{2150E333-8FDC-42A3-9474-1A3956D46DE8}") = "Task0", "Task0", "{02EA681E-C7D8-13C7-8484-4AC65E1B71E8}"
EndProject
Project("{FAE04EC0-301F-11D3-BF4B-00C04F79EFBC}") = "Tyuiu.OzdoevaLM.Sprint5.Task0.V21", "Tyuiu.OzdoevaLM.Sprint5.Task0.V21\Tyuiu.OzdoevaLM.Sprint5.Task0.V21.csproj", "{EA420365-3DBE-4AE1-B1BD-F0BBB66EE220}"
EndProject
Project("{FAE04EC0-301F-11D3-BF4B-00C04F79EFBC}") = "Tyuiu.OzdoevaLM.Sprint5.Task0.V21.Lib", "Tyuiu.OzdoevaLM.Sprint5.Task0.V21.Lib\Tyuiu.OzdoevaLM.Sprint5.Task0.V21.Lib.csproj", "{901C73DE-F9C2-4D19-A478-7BF64C70B6D1}"
EndProject
Project("{FAE04EC0-301F-11D3-BF4B-00C04F79EFBC}") = "Tyuiu.OzdoevaLM.Sprint5.Task0.V21.Test", "Tyuiu.OzdoevaLM.Sprint5.Task0.V21.Test\Tyuiu.OzdoevaLM.Sprint5.Task0.V21.Test.csproj", "{2CB55EBC-C682-47AD-B610-12B708FC1B87}"
EndProject
Project("{2150E333-8FDC-42A3-9474-1A3956D46DE8}") = "Task1", "Task1", "{A38D0BB9-8742-4BB0-823E-55035A7C8AB8}"
EndProject
Project("{FAE04EC0-301F-11D3-BF4B-00C04F79EFBC}") = "Tyuiu.OzdoevaLM.Sprint5.Task1.V13", "Tyuiu.OzdoevaLM.Sprint5.Task1.V13\Tyuiu.OzdoevaLM.Sprint5.Task1.V13.csproj", "{B8B45B6B-4E18-4E13-83EE-2BFF02AA1AF8}"
EndProject
Project("{FAE04EC0-301F-11D3-BF4B-00C04F79EFBC}") = "Tyuiu.OzdoevaLM.Sprint5.Task1.V13.Lib", "Tyuiu.OzdoevaLM.Sprint5.Task1.V13.Lib\Tyuiu.OzdoevaLM.Sprint5.Task1.V13.Lib.csproj", "{7A6F772B-C8D4-4D02-8CF0-6726BB3E29B9}"
EndProject
Project("{FAE04EC0-301F-11D3-BF4B-00C04F79EFBC}") = "Tyuiu.OzdoevaLM.Sprint5.Task1.V13.Test", "Tyuiu.OzdoevaLM.Sprint5.Task1.V13.Test\Tyuiu.OzdoevaLM.Sprint5.Task1.V13.Test.csproj", "{6520E3AF-3DBA-42D3-928D-F8715097E34C}"
EndProject
Project("{2150E333-8FDC-42A3-9474-1A3956D46DE8}") = "Task2", "Task2", "{66B27162-D023-4F7D-81EF-9B28139FEE12}"
EndProject
Project("{FAE04EC0-301F-11D3-BF4B-00C04F79EFBC}") = "Tyuiu.OzdoevaLM.Sprint5.Task2.V29", "Tyuiu.OzdoevaLM.Sprint5.Task2.V29\Tyuiu.OzdoevaLM.Sprint5.Task2.V29.csproj", "{8D5FA199-F20A-4ED2-8748-9DF89CB719D4}"
EndProject
Project("{FAE04EC0-301F-11D3-BF4B-00C04F79EFBC}") = "Tyuiu.OzdoevaLM.Sprint5.Task2.V29.Lib", "Tyuiu.OzdoevaLM.Sprint5.Task2.V29.Lib\Tyuiu.OzdoevaLM.Sprint5.Task2.V29.Lib.csproj", "{8D012B60-9E8B-46CE-8E10-38598D847E88}"
EndProject
Project("{FAE04EC0-301F-11D3-BF4B-00C04F79EFBC}") = "Tyuiu.OzdoevaLM.Sprint5.Task2.V29.Test", "Tyuiu.OzdoevaLM.Sprint5.Task2.V29.Test\Tyuiu.OzdoevaLM.Sprint5.Task2.V29.Test.csproj", "{2E0D7162-2BA6-423A-87DE-BCEA86CDFB16}"
EndProject
Project("{2150E333-8FDC-42A3-9474-1A3956D46DE8}") = "Task3", "Task3", "{FCF0518D-248E-4D6A-97FB-716564B63276}"
EndProject
Project("{FAE04EC0-301F-11D3-BF4B-00C04F79EFBC}") = "Tyuiu.OzdoevaLM.Sprint5.Task3.V1", "Tyuiu.OzdoevaLM.Sprint5.Task3.V1\Tyuiu.OzdoevaLM.Sprint5.Task3.V1.csproj", "{10F653AD-49FE-42BB-A799-10B271B907FE}"
EndProject
Project("{FAE04EC0-301F-11D3-BF4B-00C04F79EFBC}") = "Tyuiu.OzdoevaLM.Sprint5.Task3.V1.Lib", "Tyuiu.OzdoevaLM.Sprint5.Task3.V1.Lib\Tyuiu.OzdoevaLM.Sprint5.Task3.V1.Lib.csproj", "{6B203D6E-F73C-4A98-B4E8-17B5C58AF8D0}"
EndProject
Project("{FAE04EC0-301F-11D3-BF4B-00C04F79EFBC}") = "Tyuiu.OzdoevaLM.Sprint5.Task3.V1.Test", "Tyuiu.OzdoevaLM.Sprint5.Task3.V1.Test\Tyuiu.OzdoevaLM.Sprint5.Task3.V1.Test.csproj", "{FC0ED619-D1B0-4A68-A89E-D34AC6EA5760}"
EndProject
Project("{2150E333-8FDC-42A3-9474-1A3956D46DE8}") = "Task4", "Task4", "{C6D82274-A34A-41FF-B500-DA8BE3D0A890}"
EndProject
Project("{FAE04EC0-301F-11D3-BF4B-00C04F79EFBC}") = "Tyuiu.OzdoevaLM.Sprint5.Task4.V15", "Tyuiu.OzdoevaLM.Sprint5.Task4.V15\Tyuiu.OzdoevaLM.Sprint5.Task4.V15.csproj", "{856C8DC9-C7D2-40CB-BED8-8890C3E536CB}"
EndProject
Project("{FAE04EC0-301F-11D3-BF4B-00C04F79EFBC}") = "Tyuiu.OzdoevaLM.Sprint5.Task4.V15.Lib", "Tyuiu.OzdoevaLM.Sprint5.Task4.V15.Lib\Tyuiu.OzdoevaLM.Sprint5.Task4.V15.Lib.csproj", "{90893DB7-0172-4013-ACD7-49D8FE7E2391}"
EndProject
Project("{FAE04EC0-301F-11D3-BF4B-00C04F79EFBC}") = "Tyuiu.OzdoevaLM.Sprint5.Task4.V15.Test", "Tyuiu.OzdoevaLM.Sprint5.Task4.V15.Test\Tyuiu.OzdoevaLM.Sprint5.Task4.V15.Test.csproj", "{7761C97C-22AC-416C-81B9-001DA76BB866}"
EndProject
Project("{2150E333-8FDC-42A3-9474-1A3956D46DE8}") = "Task5", "Task5", "{7A6B83C9-EFE8-4BC2-8E04-F082F4EDD59D}"
EndProject
Project("{FAE04EC0-301F-11D3-BF4B-00C04F79EFBC}") = "Tyuiu.OzdoevaLM.Sprint5.Task5.V11", "Tyuiu.OzdoevaLM.Sprint5.Task5.V11\Tyuiu.OzdoevaLM.Sprint5.Task5.V11.csproj", "{0F2521E5-257D-453A-BDB9-6AD38E141A7D}"
EndProject
Project("{FAE04EC0-301F-11D3-BF4B-00C04F79EFBC}") = "Tyuiu.OzdoevaLM.Sprint5.Task5.V11.Lib", "Tyuiu.OzdoevaLM.Sprint5.Task5.V11.Lib\Tyuiu.OzdoevaLM.Sprint5.Task5.V11.Lib.csproj", "{FA9F8AAC-6C01-4F0D-8462-90183EDF8B82}"
EndProject
Project("{FAE04EC0-301F-11D3-BF4B-00C04F79EFBC}") = "Tyuiu.OzdoevaLM.Sprint5.Task5.V11.Test", "Tyuiu.OzdoevaLM.Sprint5.Task5.V11.Test\Tyuiu.OzdoevaLM.Sprint5.Task5.V11.Test.csproj", "{7069D8EE-E412-47EC-9E4E-84085A8E2B58}"
EndProject
Project("{2150E333-8FDC-42A3-9474-1A3956D46DE8}") = "Task6", "Task6", "{3C488EA9-2BFE-45D1-9568-2B29BD7D8467}"
EndProject
Project("{FAE04EC0-301F-11D3-BF4B-00C04F79EFBC}") = "Tyuiu.OzdoevaLM.Sprint5.Task6.V24", "Tyuiu.OzdoevaLM.Sprint5.Task6.V24\Tyuiu.OzdoevaLM.Sprint5.Task6.V24.csproj", "{FE985A70-412E-4E88-8AA1-8CDC92303690}"
EndProject
Project("{FAE04EC0-301F-11D3-BF4B-00C04F79EFBC}") = "Tyuiu.OzdoevaLM.Sprint5.Task6.V24.Lib", "Tyuiu.OzdoevaLM.Sprint5.Task6.V24.Lib\Tyuiu.OzdoevaLM.Sprint5.Task6.V24.Lib.csproj", "{83098EB3-491D-415D-AB97-D20B1F1D5096}"
EndProject
Project("{FAE04EC0-301F-11D3-BF4B-00C04F79EFBC}") = "Tyuiu.OzdoevaLM.Sprint5.Task6.V24.Test", "Tyuiu.OzdoevaLM.Sprint5.Task6.V24.Test\Tyuiu.OzdoevaLM.Sprint5.Task6.V24.Test.csproj", "{6E979542-53E2-4D8B-8C25-D6E35ED4C25E}"
EndProject
Global
	GlobalSection(SolutionConfigurationPlatforms) = preSolution
		Debug|Any CPU = Debug|Any CPU
		Release|Any CPU = Release|Any CPU
	EndGlobalSection
	GlobalSection(ProjectConfigurationPlatforms) = postSolution
		{EA420365-3DBE-4AE1-B1BD-F0BBB66EE220}.Debug|Any CPU.ActiveCfg = Debug|Any CPU
		{EA420365-3DBE-4AE1-B1BD-F0BBB66EE220}.Debug|Any CPU.Build.0 = Debug|Any CPU
		{EA420365-3DBE-4AE1-B1BD-F0BBB66EE220}.Release|Any CPU.ActiveCfg = Release|Any CPU
		{EA420365-3DBE-4AE1-B1BD-F0BBB66EE220}.Release|Any CPU.Build.0 = Release|Any CPU
		{901C73DE-F9C2-4D19-A478-7BF64C70B6D1}.Debug|Any CPU.ActiveCfg = Debug|Any CPU
		{901C73DE-F9C2-4D19-A478-7BF64C70B6D1}.Debug|Any CPU.Build.0 = Debug|Any CPU
		{901C73DE-F9C2-4D19-A478-7BF64C70B6D1}.Release|Any CPU.ActiveCfg = Release|Any CPU
		{901C73DE-F9C2-4D19-A478-7BF64C70B6D1}.Release|Any CPU.Build.0 = Release|Any CPU
		{2CB55EBC-C682-47AD-B610-12B708FC1B87}.Debug|Any CPU.ActiveCfg = Debug|Any CPU
		{2CB55EBC-C682-47AD-B610-12B708FC1B87}.Debug|Any CPU.Build.0 = Debug|Any CPU
		{2CB55EBC-C682-47AD-B610-12B708FC1B87}.Release|Any CPU.ActiveCfg = Release|Any CPU
		{2CB55EBC-C682-47AD-B610-12B708FC1B87}.Release|Any CPU.Build.0 = Release|Any CPU
		{B8B45B6B-4E18-4E13-83EE-2BFF02AA1AF8}.Debug|Any CPU.ActiveCfg = Debug|Any CPU
		{B8B45B6B-4E18-4E13-83EE-2BFF02AA1AF8}.Debug|Any CPU.Build.0 = Debug|Any CPU
		{B8B45B6B-4E18-4E13-83EE-2BFF02AA1AF8}.Release|Any CPU.ActiveCfg = Release|Any CPU
		{B8B45B6B-4E18-4E13-83EE-2BFF02AA1AF8}.Release|Any CPU.Build.0 = Release|Any CPU
		{7A6F772B-C8D4-4D02-8CF0-6726BB3E29B9}.Debug|Any CPU.ActiveCfg = Debug|Any CPU
		{7A6F772B-C8D4-4D02-8CF0-6726BB3E29B9}.Debug|Any CPU.Build.0 = Debug|Any CPU
		{7A6F772B-C8D4-4D02-8CF0-6726BB3E29B9}.Release|Any CPU.ActiveCfg = Release|Any CPU
		{7A6F772B-C8D4-4D02-8CF0-6726BB3E29B9}.Release|Any CPU.Build.0 = Release|Any CPU
		{6520E3AF-3DBA-42D3-928D-F8715097E34C}.Debug|Any CPU.ActiveCfg = Debug|Any CPU
		{6520E3AF-3DBA-42D3-928D-F8715097E34C}.Debug|Any CPU.Build.0 = Debug|Any CPU
		{6520E3AF-3DBA-42D3-928D-F8715097E34C}.Release|Any CPU.ActiveCfg = Release|Any CPU
		{6520E3AF-3DBA-42D3-928D-F8715097E34C}.Release|Any CPU.Build.0 = Release|Any CPU
		{8D5FA199-F20A-4ED2-8748-9DF89CB719D4}.Debug|Any CPU.ActiveCfg = Debug|Any CPU
		{8D5FA199-F20A-4ED2-8748-9DF89CB719D4}.Debug|Any CPU.Build.0 = Debug|Any CPU
		{8D5FA199-F20A-4ED2-8748-9DF89CB719D4}.Release|Any CPU.ActiveCfg = Release|Any CPU
		{8D5FA199-F20A-4ED2-8748-9DF89CB719D4}.Release|Any CPU.Build.0 = Release|Any CPU
		{8D012B60-9E8B-46CE-8E10-38598D847E88}.Debug|Any CPU.ActiveCfg = Debug|Any CPU
		{8D012B60-9E8B-46CE-8E10-38598D847E88}.Debug|Any CPU.Build.0 = Debug|Any CPU
		{8D012B60-9E8B-46CE-8E10-38598D847E88}.Release|Any CPU.ActiveCfg = Release|Any CPU
		{8D012B60-9E8B-46CE-8E10-38598D847E88}.Release|Any CPU.Build.0 = Release|Any CPU
		{2E0D7162-2BA6-423A-87DE-BCEA86CDFB16}.Debug|Any CPU.ActiveCfg = Debug|Any CPU
		{2E0D7162-2BA6-423A-87DE-BCEA86CDFB16}.Debug|Any CPU.Build.0 = Debug|Any CPU
		{2E0D7162-2BA6-423A-87DE-BCEA86CDFB16}.Release|Any CPU.ActiveCfg = Release|Any CPU
		{2E0D7162-2BA6-423A-87DE-BCEA86CDFB16}.Release|Any CPU.Build.0 = Release|Any CPU
		{10F653AD-49FE-42BB-A799-10B271B907FE}.Debug|Any CPU.ActiveCfg = Debug|Any CPU
		{10F653AD-49FE-42BB-A799-10B271B907FE}.Debug|Any CPU.Build.0 = Debug|Any CPU
		{10F653AD-49FE-42BB-A799-10B271B907FE}.Release|Any CPU.ActiveCfg = Release|Any CPU
		{10F653AD-49FE-42BB-A799-10B271B907FE}.Release|Any CPU.Build.0 = Release|Any CPU
		{6B203D6E-F73C-4A98-B4E8-17B5C58AF8D0}.Debug|Any CPU.ActiveCfg = Debug|Any CPU
		{6B203D6E-F73C-4A98-B4E8-17B5C58AF8D0}.Debug|Any CPU.Build.0 = Debug|Any CPU
		{6B203D6E-F73C-4A98-B4E8-17B5C58AF8D0}.Release|Any CPU.ActiveCfg = Release|Any CPU
		{6B203D6E-F73C-4A98-B4E8-17B5C58AF8D0}.Release|Any CPU.Build.0 = Release|Any CPU
		{FC0ED619-D1B0-4A68-A89E-D34AC6EA5760}.Debug|Any CPU.ActiveCfg = Debug|Any CPU
		{FC0ED619-D1B0-4A68-A89E-D34AC6EA5760}.Debug|Any CPU.Build.0 = Debug|Any CPU
		{FC0ED619-D1B0-4A68-A89E-D34AC6EA5760}.Release|Any CPU.ActiveCfg = Release|Any CPU
		{FC0ED619-D1B0-4A68-A89E-D34AC6EA5760}.Release|Any CPU.Build.0 = Release|Any CPU
		{856C8DC9-C7D2-40CB-BED8-8890C3E536CB}.Debug|Any CPU.ActiveCfg = Debug|Any CPU
		{856C8DC9-C7D2-40CB-BED8-8890C3E536CB}.Debug|Any CPU.Build.0 = Debug|Any CPU
		{856C8DC9-C7D2-40CB-BED8-8890C3E536CB}.Release|Any CPU.ActiveCfg = Release|Any CPU
		{856C8DC9-C7D2-40CB-BED8-8890C3E536CB}.Release|Any CPU.Build.0 = Release|Any CPU
		{90893DB7-0172-4013-ACD7-49D8FE7E2391}.Debug|Any CPU.ActiveCfg = Debug|Any CPU
		{90893DB7-0172-4013-ACD7-49D8FE7E2391}.Debug|Any CPU.Build.0 = Debug|Any CPU
		{90893DB7-0172-4013-ACD7-49D8FE7E2391}.Release|Any CPU.ActiveCfg = Release|Any CPU
		{90893DB7-0172-4013-ACD7-49D8FE7E2391}.Release|Any CPU.Build.0 = Release|Any CPU
		{7761C97C-22AC-416C-81B9-001DA76BB866}.Debug|Any CPU.ActiveCfg = Debug|Any CPU
		{7761C97C-22AC-416C-81B9-001DA76BB866}.Debug|Any CPU.Build.0 = Debug|Any CPU
		{7761C97C-22AC-416C-81B9-001DA76BB866}.Release|Any CPU.ActiveCfg = Release|Any CPU
		{7761C97C-22AC-416C-81B9-001DA76BB866}.Release|Any CPU.Build.0 = Release|Any CPU
		{0F2521E5-257D-453A-BDB9-6AD38E141A7D}.Debug|Any CPU.ActiveCfg = Debug|Any CPU
		{0F2521E5-257D-453A-BDB9-6AD38E141A7D}.Debug|Any CPU.Build.0 = Debug|Any CPU
		{0F2521E5-257D-453A-BDB9-6AD38E141A7D}.Release|Any CPU.ActiveCfg = Release|Any CPU
		{0F2521E5-257D-453A-BDB9-6AD38E141A7D}.Release|Any CPU.Build.0 = Release|Any CPU
		{FA9F8AAC-6C01-4F0D-8462-90183EDF8B82}.Debug|Any CPU.ActiveCfg = Debug|Any CPU
		{FA9F8AAC-6C01-4F0D-8462-90183EDF8B82}.Debug|Any CPU.Build.0 = Debug|Any CPU
		{FA9F8AAC-6C01-4F0D-8462-90183EDF8B82}.Release|Any CPU.ActiveCfg = Release|Any CPU
		{FA9F8AAC-6C01-4F0D-8462-90183EDF8B82}.Release|Any CPU.Build.0 = Release|Any CPU
		{7069D8EE-E412-47EC-9E4E-84085A8E2B58}.Debug|Any CPU.ActiveCfg = Debug|Any CPU
		{7069D8EE-E412-47EC-9E4E-84085A8E2B58}.Debug|Any CPU.Build.0 = Debug|Any CPU
		{7069D8EE-E412-47EC-9E4E-84085A8E2B58}.Release|Any CPU.ActiveCfg = Release|Any CPU
		{7069D8EE-E412-47EC-9E4E-84085A8E2B58}.Release|Any CPU.Build.0 = Release|Any CPU
		{FE985A70-412E-4E88-8AA1-8CDC92303690}.Debug|Any CPU.ActiveCfg = Debug|Any CPU
		{FE985A70-412E-4E88-8AA1-8CDC92303690}.Debug|Any CPU.Build.0 = Debug|Any CPU
		{FE985A70-412E-4E88-8AA1-8CDC92303690}.Release|Any CPU.ActiveCfg = Release|Any CPU
		{FE985A70-412E-4E88-8AA1-8CDC92303690}.Release|Any CPU.Build.0 = Release|Any CPU
		{83098EB3-491D-415D-AB97-D20B1F1D5096}.Debug|Any CPU.ActiveCfg = Debug|Any CPU
		{83098EB3-491D-415D-AB97-D20B1F1D5096}.Debug|Any CPU.Build.0 = Debug|Any CPU
		{83098EB3-491D-415D-AB97-D20B1F1D5096}.Release|Any CPU.ActiveCfg = Release|Any CPU
		{83098EB3-491D-415D-AB97-D20B1F1D5096}.Release|Any CPU.Build.0 = Release|Any CPU
		{6E979542-53E2-4D8B-8C25-D6E35ED4C25E}.Debug|Any CPU.ActiveCfg = Debug|Any CPU
		{6E979542-53E2-4D8B-8C25-D6E35ED4C25E}.Debug|Any CPU.Build.0 = Debug|Any CPU
		{6E979542-53E2-4D8B-8C25-D6E35ED4C25E}.Release|Any CPU.ActiveCfg = Release|Any CPU
		{6E979542-53E2-4D8B-8C25-D6E35ED4C25E}.Release|Any CPU.Build.0 = Release|Any CPU
	EndGlobalSection
	GlobalSection(SolutionProperties) = preSolution
		HideSolutionNode = FALSE
	EndGlobalSection
	GlobalSection(NestedProjects) = preSolution
		{EA420365-3DBE-4AE1-B1BD-F0BBB66EE220} = {02EA681E-C7D8-13C7-8484-4AC65E1B71E8}
		{901C73DE-F9C2-4D19-A478-7BF64C70B6D1} = {02EA681E-C7D8-13C7-8484-4AC65E1B71E8}
		{2CB55EBC-C682-47AD-B610-12B708FC1B87} = {02EA681E-C7D8-13C7-8484-4AC65E1B71E8}
		{B8B45B6B-4E18-4E13-83EE-2BFF02AA1AF8} = {A38D0BB9-8742-4BB0-823E-55035A7C8AB8}
		{7A6F772B-C8D4-4D02-8CF0-6726BB3E29B9} = {A38D0BB9-8742-4BB0-823E-55035A7C8AB8}
		{6520E3AF-3DBA-42D3-928D-F8715097E34C} = {A38D0BB9-8742-4BB0-823E-55035A7C8AB8}
		{8D5FA199-F20A-4ED2-8748-9DF89CB719D4} = {66B27162-D023-4F7D-81EF-9B28139FEE12}
		{8D012B60-9E8B-46CE-8E10-38598D847E88} = {66B27162-D023-4F7D-81EF-9B28139FEE12}
		{2E0D7162-2BA6-423A-87DE-BCEA86CDFB16} = {66B27162-D023-4F7D-81EF-9B28139FEE12}
		{10F653AD-49FE-42BB-A799-10B271B907FE} = {FCF0518D-248E-4D6A-97FB-716564B63276}
		{6B203D6E-F73C-4A98-B4E8-17B5C58AF8D0} = {FCF0518D-248E-4D6A-97FB-716564B63276}
		{FC0ED619-D1B0-4A68-A89E-D34AC6EA5760} = {FCF0518D-248E-4D6A-97FB-716564B63276}
		{856C8DC9-C7D2-40CB-BED8-8890C3E536CB} = {C6D82274-A34A-41FF-B500-DA8BE3D0A890}
		{90893DB7-0172-4013-ACD7-49D8FE7E2391} = {C6D82274-A34A-41FF-B500-DA8BE3D0A890}
		{7761C97C-22AC-416C-81B9-001DA76BB866} = {C6D82274-A34A-41FF-B500-DA8BE3D0A890}
		{0F2521E5-257D-453A-BDB9-6AD38E141A7D} = {7A6B83C9-EFE8-4BC2-8E04-F082F4EDD59D}
		{FA9F8AAC-6C01-4F0D-8462-90183EDF8B82} = {7A6B83C9-EFE8-4BC2-8E04-F082F4EDD59D}
		{7069D8EE-E412-47EC-9E4E-84085A8E2B58} = {7A6B83C9-EFE8-4BC2-8E04-F082F4EDD59D}
		{FE985A70-412E-4E88-8AA1-8CDC92303690} = {3C488EA9-2BFE-45D1-9568-2B29BD7D8467}
		{83098EB3-491D-415D-AB97-D20B1F1D5096} = {3C488EA9-2BFE-45D1-9568-2B29BD7D8467}
		{6E979542-53E2-4D8B-8C25-D6E35ED4C25E} = {3C488EA9-2BFE-45D1-9568-2B29BD7D8467}
	EndGlobalSection
	GlobalSection(ExtensibilityGlobals) = postSolution
		SolutionGuid = {0ED92FD9-FF4D-4026-9DE2-C51B06688E43}
	EndGlobalSection
EndGlobal
